// !$*UTF8*$!
{
	archiveVersion = 1;
	classes = {
	};
	objectVersion = 77;
	objects = {

/* Begin PBXContainerItemProxy section */
		47578E762EA58BBD0007D6C4 /* PBXContainerItemProxy */ = {
			isa = PBXContainerItemProxy;
			containerPortal = 47578E602EA58BBA0007D6C4 /* Project object */;
			proxyType = 1;
			remoteGlobalIDString = 47578E672EA58BBA0007D6C4;
			remoteInfo = Midterm_ToriZhang;
		};
		47578E802EA58BBD0007D6C4 /* PBXContainerItemProxy */ = {
			isa = PBXContainerItemProxy;
			containerPortal = 47578E602EA58BBA0007D6C4 /* Project object */;
			proxyType = 1;
			remoteGlobalIDString = 47578E672EA58BBA0007D6C4;
			remoteInfo = Midterm_ToriZhang;
		};
/* End PBXContainerItemProxy section */

/* Begin PBXFileReference section */
		47578E682EA58BBA0007D6C4 /* Midterm_ToriZhang.app */ = {isa = PBXFileReference; explicitFileType = wrapper.application; includeInIndex = 0; path = Midterm_ToriZhang.app; sourceTree = BUILT_PRODUCTS_DIR; };
		47578E752EA58BBD0007D6C4 /* Midterm_ToriZhangTests.xctest */ = {isa = PBXFileReference; explicitFileType = wrapper.cfbundle; includeInIndex = 0; path = Midterm_ToriZhangTests.xctest; sourceTree = BUILT_PRODUCTS_DIR; };
		47578E7F2EA58BBD0007D6C4 /* Midterm_ToriZhangUITests.xctest */ = {isa = PBXFileReference; explicitFileType = wrapper.cfbundle; includeInIndex = 0; path = Midterm_ToriZhangUITests.xctest; sourceTree = BUILT_PRODUCTS_DIR; };
/* End PBXFileReference section */

/* Begin PBXFileSystemSynchronizedRootGroup section */
		47578E6A2EA58BBA0007D6C4 /* Midterm_ToriZhang */ = {
			isa = PBXFileSystemSynchronizedRootGroup;
			path = Midterm_ToriZhang;
			sourceTree = "<group>";
		};
		47578E782EA58BBD0007D6C4 /* Midterm_ToriZhangTests */ = {
			isa = PBXFileSystemSynchronizedRootGroup;
			path = Midterm_ToriZhangTests;
			sourceTree = "<group>";
		};
		47578E822EA58BBD0007D6C4 /* Midterm_ToriZhangUITests */ = {
			isa = PBXFileSystemSynchronizedRootGroup;
			path = Midterm_ToriZhangUITests;
			sourceTree = "<group>";
		};
/* End PBXFileSystemSynchronizedRootGroup section */

/* Begin PBXFrameworksBuildPhase section */
		47578E652EA58BBA0007D6C4 /* Frameworks */ = {
			isa = PBXFrameworksBuildPhase;
			buildActionMask = 2147483647;
			files = (
			);
			runOnlyForDeploymentPostprocessing = 0;
		};
		47578E722EA58BBD0007D6C4 /* Frameworks */ = {
			isa = PBXFrameworksBuildPhase;
			buildActionMask = 2147483647;
			files = (
			);
			runOnlyForDeploymentPostprocessing = 0;
		};
		47578E7C2EA58BBD0007D6C4 /* Frameworks */ = {
			isa = PBXFrameworksBuildPhase;
			buildActionMask = 2147483647;
			files = (
			);
			runOnlyForDeploymentPostprocessing = 0;
		};
/* End PBXFrameworksBuildPhase section */

/* Begin PBXGroup section */
		47578E5F2EA58BBA0007D6C4 = {
			isa = PBXGroup;
			children = (
				47578E6A2EA58BBA0007D6C4 /* Midterm_ToriZhang */,
				47578E782EA58BBD0007D6C4 /* Midterm_ToriZhangTests */,
				47578E822EA58BBD0007D6C4 /* Midterm_ToriZhangUITests */,
				47578E692EA58BBA0007D6C4 /* Products */,
			);
			sourceTree = "<group>";
		};
		47578E692EA58BBA0007D6C4 /* Products */ = {
			isa = PBXGroup;
			children = (
				47578E682EA58BBA0007D6C4 /* Midterm_ToriZhang.app */,
				47578E752EA58BBD0007D6C4 /* Midterm_ToriZhangTests.xctest */,
				47578E7F2EA58BBD0007D6C4 /* Midterm_ToriZhangUITests.xctest */,
			);
			name = Products;
			sourceTree = "<group>";
		};
/* End PBXGroup section */

/* Begin PBXNativeTarget section */
		47578E672EA58BBA0007D6C4 /* Midterm_ToriZhang */ = {
			isa = PBXNativeTarget;
			buildConfigurationList = 47578E892EA58BBD0007D6C4 /* Build configuration list for PBXNativeTarget "Midterm_ToriZhang" */;
			buildPhases = (
				47578E642EA58BBA0007D6C4 /* Sources */,
				47578E652EA58BBA0007D6C4 /* Frameworks */,
				47578E662EA58BBA0007D6C4 /* Resources */,
			);
			buildRules = (
			);
			dependencies = (
			);
			fileSystemSynchronizedGroups = (
				47578E6A2EA58BBA0007D6C4 /* Midterm_ToriZhang */,
			);
			name = Midterm_ToriZhang;
			packageProductDependencies = (
			);
			productName = Midterm_ToriZhang;
			productReference = 47578E682EA58BBA0007D6C4 /* Midterm_ToriZhang.app */;
			productType = "com.apple.product-type.application";
		};
		47578E742EA58BBD0007D6C4 /* Midterm_ToriZhangTests */ = {
			isa = PBXNativeTarget;
			buildConfigurationList = 47578E8C2EA58BBD0007D6C4 /* Build configuration list for PBXNativeTarget "Midterm_ToriZhangTests" */;
			buildPhases = (
				47578E712EA58BBD0007D6C4 /* Sources */,
				47578E722EA58BBD0007D6C4 /* Frameworks */,
				47578E732EA58BBD0007D6C4 /* Resources */,
			);
			buildRules = (
			);
			dependencies = (
				47578E772EA58BBD0007D6C4 /* PBXTargetDependency */,
			);
			fileSystemSynchronizedGroups = (
				47578E782EA58BBD0007D6C4 /* Midterm_ToriZhangTests */,
			);
			name = Midterm_ToriZhangTests;
			packageProductDependencies = (
			);
			productName = Midterm_ToriZhangTests;
			productReference = 47578E752EA58BBD0007D6C4 /* Midterm_ToriZhangTests.xctest */;
			productType = "com.apple.product-type.bundle.unit-test";
		};
		47578E7E2EA58BBD0007D6C4 /* Midterm_ToriZhangUITests */ = {
			isa = PBXNativeTarget;
			buildConfigurationList = 47578E8F2EA58BBD0007D6C4 /* Build configuration list for PBXNativeTarget "Midterm_ToriZhangUITests" */;
			buildPhases = (
				47578E7B2EA58BBD0007D6C4 /* Sources */,
				47578E7C2EA58BBD0007D6C4 /* Frameworks */,
				47578E7D2EA58BBD0007D6C4 /* Resources */,
			);
			buildRules = (
			);
			dependencies = (
				47578E812EA58BBD0007D6C4 /* PBXTargetDependency */,
			);
			fileSystemSynchronizedGroups = (
				47578E822EA58BBD0007D6C4 /* Midterm_ToriZhangUITests */,
			);
			name = Midterm_ToriZhangUITests;
			packageProductDependencies = (
			);
			productName = Midterm_ToriZhangUITests;
			productReference = 47578E7F2EA58BBD0007D6C4 /* Midterm_ToriZhangUITests.xctest */;
			productType = "com.apple.product-type.bundle.ui-testing";
		};
/* End PBXNativeTarget section */

/* Begin PBXProject section */
		47578E602EA58BBA0007D6C4 /* Project object */ = {
			isa = PBXProject;
			attributes = {
				BuildIndependentTargetsInParallel = 1;
				LastSwiftUpdateCheck = 1640;
				LastUpgradeCheck = 1640;
				TargetAttributes = {
					47578E672EA58BBA0007D6C4 = {
						CreatedOnToolsVersion = 16.4;
					};
					47578E742EA58BBD0007D6C4 = {
						CreatedOnToolsVersion = 16.4;
						TestTargetID = 47578E672EA58BBA0007D6C4;
					};
					47578E7E2EA58BBD0007D6C4 = {
						CreatedOnToolsVersion = 16.4;
						TestTargetID = 47578E672EA58BBA0007D6C4;
					};
				};
			};
			buildConfigurationList = 47578E632EA58BBA0007D6C4 /* Build configuration list for PBXProject "Midterm_ToriZhang" */;
			developmentRegion = en;
			hasScannedForEncodings = 0;
			knownRegions = (
				en,
				Base,
			);
			mainGroup = 47578E5F2EA58BBA0007D6C4;
			minimizedProjectReferenceProxies = 1;
			preferredProjectObjectVersion = 77;
			productRefGroup = 47578E692EA58BBA0007D6C4 /* Products */;
			projectDirPath = "";
			projectRoot = "";
			targets = (
				47578E672EA58BBA0007D6C4 /* Midterm_ToriZhang */,
				47578E742EA58BBD0007D6C4 /* Midterm_ToriZhangTests */,
				47578E7E2EA58BBD0007D6C4 /* Midterm_ToriZhangUITests */,
			);
		};
/* End PBXProject section */

/* Begin PBXResourcesBuildPhase section */
		47578E662EA58BBA0007D6C4 /* Resources */ = {
			isa = PBXResourcesBuildPhase;
			buildActionMask = 2147483647;
			files = (
			);
			runOnlyForDeploymentPostprocessing = 0;
		};
		47578E732EA58BBD0007D6C4 /* Resources */ = {
			isa = PBXResourcesBuildPhase;
			buildActionMask = 2147483647;
			files = (
			);
			runOnlyForDeploymentPostprocessing = 0;
		};
		47578E7D2EA58BBD0007D6C4 /* Resources */ = {
			isa = PBXResourcesBuildPhase;
			buildActionMask = 2147483647;
			files = (
			);
			runOnlyForDeploymentPostprocessing = 0;
		};
/* End PBXResourcesBuildPhase section */

/* Begin PBXSourcesBuildPhase section */
		47578E642EA58BBA0007D6C4 /* Sources */ = {
			isa = PBXSourcesBuildPhase;
			buildActionMask = 2147483647;
			files = (
			);
			runOnlyForDeploymentPostprocessing = 0;
		};
		47578E712EA58BBD0007D6C4 /* Sources */ = {
			isa = PBXSourcesBuildPhase;
			buildActionMask = 2147483647;
			files = (
			);
			runOnlyForDeploymentPostprocessing = 0;
		};
		47578E7B2EA58BBD0007D6C4 /* Sources */ = {
			isa = PBXSourcesBuildPhase;
			buildActionMask = 2147483647;
			files = (
			);
			runOnlyForDeploymentPostprocessing = 0;
		};
/* End PBXSourcesBuildPhase section */

/* Begin PBXTargetDependency section */
		47578E772EA58BBD0007D6C4 /* PBXTargetDependency */ = {
			isa = PBXTargetDependency;
			target = 47578E672EA58BBA0007D6C4 /* Midterm_ToriZhang */;
			targetProxy = 47578E762EA58BBD0007D6C4 /* PBXContainerItemProxy */;
		};
		47578E812EA58BBD0007D6C4 /* PBXTargetDependency */ = {
			isa = PBXTargetDependency;
			target = 47578E672EA58BBA0007D6C4 /* Midterm_ToriZhang */;
			targetProxy = 47578E802EA58BBD0007D6C4 /* PBXContainerItemProxy */;
		};
/* End PBXTargetDependency section */

/* Begin XCBuildConfiguration section */
		47578E872EA58BBD0007D6C4 /* Debug */ = {
			isa = XCBuildConfiguration;
			buildSettings = {
				ALWAYS_SEARCH_USER_PATHS = NO;
				ASSETCATALOG_COMPILER_GENERATE_SWIFT_ASSET_SYMBOL_EXTENSIONS = YES;
				CLANG_ANALYZER_NONNULL = YES;
				CLANG_ANALYZER_NUMBER_OBJECT_CONVERSION = YES_AGGRESSIVE;
				CLANG_CXX_LANGUAGE_STANDARD = "gnu++20";
				CLANG_ENABLE_MODULES = YES;
				CLANG_ENABLE_OBJC_ARC = YES;
				CLANG_ENABLE_OBJC_WEAK = YES;
				CLANG_WARN_BLOCK_CAPTURE_AUTORELEASING = YES;
				CLANG_WARN_BOOL_CONVERSION = YES;
				CLANG_WARN_COMMA = YES;
				CLANG_WARN_CONSTANT_CONVERSION = YES;
				CLANG_WARN_DEPRECATED_OBJC_IMPLEMENTATIONS = YES;
				CLANG_WARN_DIRECT_OBJC_ISA_USAGE = YES_ERROR;
				CLANG_WARN_DOCUMENTATION_COMMENTS = YES;
				CLANG_WARN_EMPTY_BODY = YES;
				CLANG_WARN_ENUM_CONVERSION = YES;
				CLANG_WARN_INFINITE_RECURSION = YES;
				CLANG_WARN_INT_CONVERSION = YES;
				CLANG_WARN_NON_LITERAL_NULL_CONVERSION = YES;
				CLANG_WARN_OBJC_IMPLICIT_RETAIN_SELF = YES;
				CLANG_WARN_OBJC_LITERAL_CONVERSION = YES;
				CLANG_WARN_OBJC_ROOT_CLASS = YES_ERROR;
				CLANG_WARN_QUOTED_INCLUDE_IN_FRAMEWORK_HEADER = YES;
				CLANG_WARN_RANGE_LOOP_ANALYSIS = YES;
				CLANG_WARN_STRICT_PROTOTYPES = YES;
				CLANG_WARN_SUSPICIOUS_MOVE = YES;
				CLANG_WARN_UNGUARDED_AVAILABILITY = YES_AGGRESSIVE;
				CLANG_WARN_UNREACHABLE_CODE = YES;
				CLANG_WARN__DUPLICATE_METHOD_MATCH = YES;
				COPY_PHASE_STRIP = NO;
				DEBUG_INFORMATION_FORMAT = dwarf;
				ENABLE_STRICT_OBJC_MSGSEND = YES;
				ENABLE_TESTABILITY = YES;
				ENABLE_USER_SCRIPT_SANDBOXING = YES;
				GCC_C_LANGUAGE_STANDARD = gnu17;
				GCC_DYNAMIC_NO_PIC = NO;
				GCC_NO_COMMON_BLOCKS = YES;
				GCC_OPTIMIZATION_LEVEL = 0;
				GCC_PREPROCESSOR_DEFINITIONS = (
					"DEBUG=1",
					"$(inherited)",
				);
				GCC_WARN_64_TO_32_BIT_CONVERSION = YES;
				GCC_WARN_ABOUT_RETURN_TYPE = YES_ERROR;
				GCC_WARN_UNDECLARED_SELECTOR = YES;
				GCC_WARN_UNINITIALIZED_AUTOS = YES_AGGRESSIVE;
				GCC_WARN_UNUSED_FUNCTION = YES;
				GCC_WARN_UNUSED_VARIABLE = YES;
				IPHONEOS_DEPLOYMENT_TARGET = 18.5;
				LOCALIZATION_PREFERS_STRING_CATALOGS = YES;
				MTL_ENABLE_DEBUG_INFO = INCLUDE_SOURCE;
				MTL_FAST_MATH = YES;
				ONLY_ACTIVE_ARCH = YES;
				SDKROOT = iphoneos;
				SWIFT_ACTIVE_COMPILATION_CONDITIONS = "DEBUG $(inherited)";
				SWIFT_OPTIMIZATION_LEVEL = "-Onone";
			};
			name = Debug;
		};
		47578E882EA58BBD0007D6C4 /* Release */ = {
			isa = XCBuildConfiguration;
			buildSettings = {
				ALWAYS_SEARCH_USER_PATHS = NO;
				ASSETCATALOG_COMPILER_GENERATE_SWIFT_ASSET_SYMBOL_EXTENSIONS = YES;
				CLANG_ANALYZER_NONNULL = YES;
				CLANG_ANALYZER_NUMBER_OBJECT_CONVERSION = YES_AGGRESSIVE;
				CLANG_CXX_LANGUAGE_STANDARD = "gnu++20";
				CLANG_ENABLE_MODULES = YES;
				CLANG_ENABLE_OBJC_ARC = YES;
				CLANG_ENABLE_OBJC_WEAK = YES;
				CLANG_WARN_BLOCK_CAPTURE_AUTORELEASING = YES;
				CLANG_WARN_BOOL_CONVERSION = YES;
				CLANG_WARN_COMMA = YES;
				CLANG_WARN_CONSTANT_CONVERSION = YES;
				CLANG_WARN_DEPRECATED_OBJC_IMPLEMENTATIONS = YES;
				CLANG_WARN_DIRECT_OBJC_ISA_USAGE = YES_ERROR;
				CLANG_WARN_DOCUMENTATION_COMMENTS = YES;
				CLANG_WARN_EMPTY_BODY = YES;
				CLANG_WARN_ENUM_CONVERSION = YES;
				CLANG_WARN_INFINITE_RECURSION = YES;
				CLANG_WARN_INT_CONVERSION = YES;
				CLANG_WARN_NON_LITERAL_NULL_CONVERSION = YES;
				CLANG_WARN_OBJC_IMPLICIT_RETAIN_SELF = YES;
				CLANG_WARN_OBJC_LITERAL_CONVERSION = YES;
				CLANG_WARN_OBJC_ROOT_CLASS = YES_ERROR;
				CLANG_WARN_QUOTED_INCLUDE_IN_FRAMEWORK_HEADER = YES;
				CLANG_WARN_RANGE_LOOP_ANALYSIS = YES;
				CLANG_WARN_STRICT_PROTOTYPES = YES;
				CLANG_WARN_SUSPICIOUS_MOVE = YES;
				CLANG_WARN_UNGUARDED_AVAILABILITY = YES_AGGRESSIVE;
				CLANG_WARN_UNREACHABLE_CODE = YES;
				CLANG_WARN__DUPLICATE_METHOD_MATCH = YES;
				COPY_PHASE_STRIP = NO;
				DEBUG_INFORMATION_FORMAT = "dwarf-with-dsym";
				ENABLE_NS_ASSERTIONS = NO;
				ENABLE_STRICT_OBJC_MSGSEND = YES;
				ENABLE_USER_SCRIPT_SANDBOXING = YES;
				GCC_C_LANGUAGE_STANDARD = gnu17;
				GCC_NO_COMMON_BLOCKS = YES;
				GCC_WARN_64_TO_32_BIT_CONVERSION = YES;
				GCC_WARN_ABOUT_RETURN_TYPE = YES_ERROR;
				GCC_WARN_UNDECLARED_SELECTOR = YES;
				GCC_WARN_UNINITIALIZED_AUTOS = YES_AGGRESSIVE;
				GCC_WARN_UNUSED_FUNCTION = YES;
				GCC_WARN_UNUSED_VARIABLE = YES;
				IPHONEOS_DEPLOYMENT_TARGET = 18.5;
				LOCALIZATION_PREFERS_STRING_CATALOGS = YES;
				MTL_ENABLE_DEBUG_INFO = NO;
				MTL_FAST_MATH = YES;
				SDKROOT = iphoneos;
				SWIFT_COMPILATION_MODE = wholemodule;
				VALIDATE_PRODUCT = YES;
			};
			name = Release;
		};
		47578E8A2EA58BBD0007D6C4 /* Debug */ = {
			isa = XCBuildConfiguration;
			buildSettings = {
				ASSETCATALOG_COMPILER_APPICON_NAME = AppIcon;
				ASSETCATALOG_COMPILER_GLOBAL_ACCENT_COLOR_NAME = AccentColor;
				CODE_SIGN_STYLE = Automatic;
				CURRENT_PROJECT_VERSION = 1;
				ENABLE_PREVIEWS = YES;
				GENERATE_INFOPLIST_FILE = YES;
				INFOPLIST_KEY_UIApplicationSceneManifest_Generation = YES;
				INFOPLIST_KEY_UIApplicationSupportsIndirectInputEvents = YES;
				INFOPLIST_KEY_UILaunchScreen_Generation = YES;
				INFOPLIST_KEY_UISupportedInterfaceOrientations_iPad = "UIInterfaceOrientationPortrait UIInterfaceOrientationPortraitUpsideDown UIInterfaceOrientationLandscapeLeft UIInterfaceOrientationLandscapeRight";
				INFOPLIST_KEY_UISupportedInterfaceOrientations_iPhone = "UIInterfaceOrientationPortrait UIInterfaceOrientationLandscapeLeft UIInterfaceOrientationLandscapeRight";
				LD_RUNPATH_SEARCH_PATHS = (
					"$(inherited)",
					"@executable_path/Frameworks",
				);
				MARKETING_VERSION = 1.0;
				PRODUCT_BUNDLE_IDENTIFIER = "CSM.Midterm-ToriZhang";
				PRODUCT_NAME = "$(TARGET_NAME)";
				SWIFT_EMIT_LOC_STRINGS = YES;
				SWIFT_VERSION = 5.0;
				TARGETED_DEVICE_FAMILY = "1,2";
			};
			name = Debug;
		};
		47578E8B2EA58BBD0007D6C4 /* Release */ = {
			isa = XCBuildConfiguration;
			buildSettings = {
				ASSETCATALOG_COMPILER_APPICON_NAME = AppIcon;
				ASSETCATALOG_COMPILER_GLOBAL_ACCENT_COLOR_NAME = AccentColor;
				CODE_SIGN_STYLE = Automatic;
				CURRENT_PROJECT_VERSION = 1;
				ENABLE_PREVIEWS = YES;
				GENERATE_INFOPLIST_FILE = YES;
				INFOPLIST_KEY_UIApplicationSceneManifest_Generation = YES;
				INFOPLIST_KEY_UIApplicationSupportsIndirectInputEvents = YES;
				INFOPLIST_KEY_UILaunchScreen_Generation = YES;
				INFOPLIST_KEY_UISupportedInterfaceOrientations_iPad = "UIInterfaceOrientationPortrait UIInterfaceOrientationPortraitUpsideDown UIInterfaceOrientationLandscapeLeft UIInterfaceOrientationLandscapeRight";
				INFOPLIST_KEY_UISupportedInterfaceOrientations_iPhone = "UIInterfaceOrientationPortrait UIInterfaceOrientationLandscapeLeft UIInterfaceOrientationLandscapeRight";
				LD_RUNPATH_SEARCH_PATHS = (
					"$(inherited)",
					"@executable_path/Frameworks",
				);
				MARKETING_VERSION = 1.0;
				PRODUCT_BUNDLE_IDENTIFIER = "CSM.Midterm-ToriZhang";
				PRODUCT_NAME = "$(TARGET_NAME)";
				SWIFT_EMIT_LOC_STRINGS = YES;
				SWIFT_VERSION = 5.0;
				TARGETED_DEVICE_FAMILY = "1,2";
			};
			name = Release;
		};
		47578E8D2EA58BBD0007D6C4 /* Debug */ = {
			isa = XCBuildConfiguration;
			buildSettings = {
				BUNDLE_LOADER = "$(TEST_HOST)";
				CODE_SIGN_STYLE = Automatic;
				CURRENT_PROJECT_VERSION = 1;
				GENERATE_INFOPLIST_FILE = YES;
				IPHONEOS_DEPLOYMENT_TARGET = 18.5;
				MARKETING_VERSION = 1.0;
				PRODUCT_BUNDLE_IDENTIFIER = "CSM.Midterm-ToriZhangTests";
				PRODUCT_NAME = "$(TARGET_NAME)";
				SWIFT_EMIT_LOC_STRINGS = NO;
				SWIFT_VERSION = 5.0;
				TARGETED_DEVICE_FAMILY = "1,2";
				TEST_HOST = "$(BUILT_PRODUCTS_DIR)/Midterm_ToriZhang.app/$(BUNDLE_EXECUTABLE_FOLDER_PATH)/Midterm_ToriZhang";
			};
			name = Debug;
		};
		47578E8E2EA58BBD0007D6C4 /* Release */ = {
			isa = XCBuildConfiguration;
			buildSettings = {
				BUNDLE_LOADER = "$(TEST_HOST)";
				CODE_SIGN_STYLE = Automatic;
				CURRENT_PROJECT_VERSION = 1;
				GENERATE_INFOPLIST_FILE = YES;
				IPHONEOS_DEPLOYMENT_TARGET = 18.5;
				MARKETING_VERSION = 1.0;
				PRODUCT_BUNDLE_IDENTIFIER = "CSM.Midterm-ToriZhangTests";
				PRODUCT_NAME = "$(TARGET_NAME)";
				SWIFT_EMIT_LOC_STRINGS = NO;
				SWIFT_VERSION = 5.0;
				TARGETED_DEVICE_FAMILY = "1,2";
				TEST_HOST = "$(BUILT_PRODUCTS_DIR)/Midterm_ToriZhang.app/$(BUNDLE_EXECUTABLE_FOLDER_PATH)/Midterm_ToriZhang";
			};
			name = Release;
		};
		47578E902EA58BBD0007D6C4 /* Debug */ = {
			isa = XCBuildConfiguration;
			buildSettings = {
				CODE_SIGN_STYLE = Automatic;
				CURRENT_PROJECT_VERSION = 1;
				GENERATE_INFOPLIST_FILE = YES;
				MARKETING_VERSION = 1.0;
				PRODUCT_BUNDLE_IDENTIFIER = "CSM.Midterm-ToriZhangUITests";
				PRODUCT_NAME = "$(TARGET_NAME)";
				SWIFT_EMIT_LOC_STRINGS = NO;
				SWIFT_VERSION = 5.0;
				TARGETED_DEVICE_FAMILY = "1,2";
				TEST_TARGET_NAME = Midterm_ToriZhang;
			};
			name = Debug;
		};
		47578E912EA58BBD0007D6C4 /* Release */ = {
			isa = XCBuildConfiguration;
			buildSettings = {
				CODE_SIGN_STYLE = Automatic;
				CURRENT_PROJECT_VERSION = 1;
				GENERATE_INFOPLIST_FILE = YES;
				MARKETING_VERSION = 1.0;
				PRODUCT_BUNDLE_IDENTIFIER = "CSM.Midterm-ToriZhangUITests";
				PRODUCT_NAME = "$(TARGET_NAME)";
				SWIFT_EMIT_LOC_STRINGS = NO;
				SWIFT_VERSION = 5.0;
				TARGETED_DEVICE_FAMILY = "1,2";
				TEST_TARGET_NAME = Midterm_ToriZhang;
			};
			name = Release;
		};
/* End XCBuildConfiguration section */

/* Begin XCConfigurationList section */
		47578E632EA58BBA0007D6C4 /* Build configuration list for PBXProject "Midterm_ToriZhang" */ = {
			isa = XCConfigurationList;
			buildConfigurations = (
				47578E872EA58BBD0007D6C4 /* Debug */,
				47578E882EA58BBD0007D6C4 /* Release */,
			);
			defaultConfigurationIsVisible = 0;
			defaultConfigurationName = Release;
		};
		47578E892EA58BBD0007D6C4 /* Build configuration list for PBXNativeTarget "Midterm_ToriZhang" */ = {
			isa = XCConfigurationList;
			buildConfigurations = (
				47578E8A2EA58BBD0007D6C4 /* Debug */,
				47578E8B2EA58BBD0007D6C4 /* Release */,
			);
			defaultConfigurationIsVisible = 0;
			defaultConfigurationName = Release;
		};
		47578E8C2EA58BBD0007D6C4 /* Build configuration list for PBXNativeTarget "Midterm_ToriZhangTests" */ = {
			isa = XCConfigurationList;
			buildConfigurations = (
				47578E8D2EA58BBD0007D6C4 /* Debug */,
				47578E8E2EA58BBD0007D6C4 /* Release */,
			);
			defaultConfigurationIsVisible = 0;
			defaultConfigurationName = Release;
		};
		47578E8F2EA58BBD0007D6C4 /* Build configuration list for PBXNativeTarget "Midterm_ToriZhangUITests" */ = {
			isa = XCConfigurationList;
			buildConfigurations = (
				47578E902EA58BBD0007D6C4 /* Debug */,
				47578E912EA58BBD0007D6C4 /* Release */,
			);
			defaultConfigurationIsVisible = 0;
			defaultConfigurationName = Release;
		};
/* End XCConfigurationList section */
	};
	rootObject = 47578E602EA58BBA0007D6C4 /* Project object */;
}
